// !$*UTF8*$!
{
	archiveVersion = 1;
	classes = {
	};
	objectVersion = 48;
	objects = {

/* Begin PBXBuildFile section */
		04E671A5204503A100546FC2 /* 03_09_argument3.c in Sources */ = {isa = PBXBuildFile; fileRef = 04E671A4204503A100546FC2 /* 03_09_argument3.c */; };
/* End PBXBuildFile section */

/* Begin PBXCopyFilesBuildPhase section */
		F6ECB221203DD71600225CE8 /* CopyFiles */ = {
			isa = PBXCopyFilesBuildPhase;
			buildActionMask = 2147483647;
			dstPath = /usr/share/man/man1/;
			dstSubfolderSpec = 0;
			files = (
			);
			runOnlyForDeploymentPostprocessing = 1;
		};
/* End PBXCopyFilesBuildPhase section */

/* Begin PBXFileReference section */
		043B32CD20445C7300C3F657 /* 05_02_pointer2.c */ = {isa = PBXFileReference; fileEncoding = 4; lastKnownFileType = sourcecode.c.c; path = 05_02_pointer2.c; sourceTree = "<group>"; };
		043B32CF20445CCD00C3F657 /* 05_04_solution.c */ = {isa = PBXFileReference; fileEncoding = 4; lastKnownFileType = sourcecode.c.c; path = 05_04_solution.c; sourceTree = "<group>"; };
		043B32D120445D7500C3F657 /* 05_05_arraypointer1.c */ = {isa = PBXFileReference; fileEncoding = 4; lastKnownFileType = sourcecode.c.c; path = 05_05_arraypointer1.c; sourceTree = "<group>"; };
		043B32D320445DA200C3F657 /* 05_05_arraypointer2.c */ = {isa = PBXFileReference; fileEncoding = 4; lastKnownFileType = sourcecode.c.c; path = 05_05_arraypointer2.c; sourceTree = "<group>"; };
		043B32D520445DCE00C3F657 /* 05_05_arraypointer3.c */ = {isa = PBXFileReference; fileEncoding = 4; lastKnownFileType = sourcecode.c.c; path = 05_05_arraypointer3.c; sourceTree = "<group>"; };
		043B32D720445DFB00C3F657 /* 05_05_arraypointer4.c */ = {isa = PBXFileReference; fileEncoding = 4; lastKnownFileType = sourcecode.c.c; path = 05_05_arraypointer4.c; sourceTree = "<group>"; };
		043B32D920445E3A00C3F657 /* 05_06_pfunction1.c */ = {isa = PBXFileReference; fileEncoding = 4; lastKnownFileType = sourcecode.c.c; path = 05_06_pfunction1.c; sourceTree = "<group>"; };
		043B32DB20445E5C00C3F657 /* 05_06_pfunction2.c */ = {isa = PBXFileReference; fileEncoding = 4; lastKnownFileType = sourcecode.c.c; path = 05_06_pfunction2.c; sourceTree = "<group>"; };
		043B32DD20445E8100C3F657 /* 05_06_pfunction3.c */ = {isa = PBXFileReference; fileEncoding = 4; lastKnownFileType = sourcecode.c.c; path = 05_06_pfunction3.c; sourceTree = "<group>"; };
		043B32E020445EF500C3F657 /* 05_06_pfunction4.c */ = {isa = PBXFileReference; fileEncoding = 4; lastKnownFileType = sourcecode.c.c; path = 05_06_pfunction4.c; sourceTree = "<group>"; };
		043B32E42044CD1500C3F657 /* 02_06_printf.c */ = {isa = PBXFileReference; fileEncoding = 4; lastKnownFileType = sourcecode.c.c; path = 02_06_printf.c; sourceTree = "<group>"; };
		043B32E62044CD4700C3F657 /* 02_06_z_blorf.c */ = {isa = PBXFileReference; fileEncoding = 4; lastKnownFileType = sourcecode.c.c; path = 02_06_z_blorf.c; sourceTree = "<group>"; };
		043B32E82044CD6E00C3F657 /* 02_13_value3.c */ = {isa = PBXFileReference; fileEncoding = 4; lastKnownFileType = sourcecode.c.c; path = 02_13_value3.c; sourceTree = "<group>"; };
		043B32EA2044CD9400C3F657 /* 02_13_value4.c */ = {isa = PBXFileReference; fileEncoding = 4; lastKnownFileType = sourcecode.c.c; path = 02_13_value4.c; sourceTree = "<group>"; };
		043B32EC2044CDC200C3F657 /* 02_13_variable1.c */ = {isa = PBXFileReference; fileEncoding = 4; lastKnownFileType = sourcecode.c.c; path = 02_13_variable1.c; sourceTree = "<group>"; };
		043B32EE2044CE2900C3F657 /* 02_13_variable2.c */ = {isa = PBXFileReference; fileEncoding = 4; lastKnownFileType = sourcecode.c.c; path = 02_13_variable2.c; sourceTree = "<group>"; };
		043B32F02044CE6000C3F657 /* 02_13_variable3.c */ = {isa = PBXFileReference; fileEncoding = 4; lastKnownFileType = sourcecode.c.c; path = 02_13_variable3.c; sourceTree = "<group>"; };
		043B32F92044CF6400C3F657 /* 02_14_chario1.c */ = {isa = PBXFileReference; fileEncoding = 4; lastKnownFileType = sourcecode.c.c; path = 02_14_chario1.c; sourceTree = "<group>"; };
		043B32FB2044CF7D00C3F657 /* 02_14_chario2.c */ = {isa = PBXFileReference; fileEncoding = 4; lastKnownFileType = sourcecode.c.c; path = 02_14_chario2.c; sourceTree = "<group>"; };
		043B32FD2044CFB700C3F657 /* 02_15_fgets1.c */ = {isa = PBXFileReference; fileEncoding = 4; lastKnownFileType = sourcecode.c.c; path = 02_15_fgets1.c; sourceTree = "<group>"; };
		043B32FF2044CFF300C3F657 /* 02_15_scanf1.c */ = {isa = PBXFileReference; fileEncoding = 4; lastKnownFileType = sourcecode.c.c; path = 02_15_scanf1.c; sourceTree = "<group>"; };
		043B33012044D00900C3F657 /* 02_15_scanf2.c */ = {isa = PBXFileReference; fileEncoding = 4; lastKnownFileType = sourcecode.c.c; path = 02_15_scanf2.c; sourceTree = "<group>"; };
		043B33032044D03000C3F657 /* 02_15_string1.c */ = {isa = PBXFileReference; fileEncoding = 4; lastKnownFileType = sourcecode.c.c; path = 02_15_string1.c; sourceTree = "<group>"; };
		043B33052044D06000C3F657 /* 03_01_if1.c */ = {isa = PBXFileReference; fileEncoding = 4; lastKnownFileType = sourcecode.c.c; path = 03_01_if1.c; sourceTree = "<group>"; };
		043B33072044D08200C3F657 /* 03_01_if2.c */ = {isa = PBXFileReference; fileEncoding = 4; lastKnownFileType = sourcecode.c.c; path = 03_01_if2.c; sourceTree = "<group>"; };
		043B33092044D0AE00C3F657 /* 03_01_if3.c */ = {isa = PBXFileReference; fileEncoding = 4; lastKnownFileType = sourcecode.c.c; path = 03_01_if3.c; sourceTree = "<group>"; };
		043B330B2044D10100C3F657 /* 03_01_ifelseifelse.c */ = {isa = PBXFileReference; fileEncoding = 4; lastKnownFileType = sourcecode.c.c; path = 03_01_ifelseifelse.c; sourceTree = "<group>"; };
		043B330D2044D12E00C3F657 /* 03_02_switch1.c */ = {isa = PBXFileReference; fileEncoding = 4; lastKnownFileType = sourcecode.c.c; path = 03_02_switch1.c; sourceTree = "<group>"; };
		043B330F2044D14E00C3F657 /* 03_03_dowhile.c */ = {isa = PBXFileReference; fileEncoding = 4; lastKnownFileType = sourcecode.c.c; path = 03_03_dowhile.c; sourceTree = "<group>"; };
		043B33112044D19500C3F657 /* 03_03_while1.c */ = {isa = PBXFileReference; fileEncoding = 4; lastKnownFileType = sourcecode.c.c; path = 03_03_while1.c; sourceTree = "<group>"; };
		043B33132044D1F400C3F657 /* 03_03_while2.c */ = {isa = PBXFileReference; fileEncoding = 4; lastKnownFileType = sourcecode.c.c; path = 03_03_while2.c; sourceTree = "<group>"; };
		043B33152044D23100C3F657 /* 03_03_whileendless.c */ = {isa = PBXFileReference; fileEncoding = 4; lastKnownFileType = sourcecode.c.c; path = 03_03_whileendless.c; sourceTree = "<group>"; };
		043B33172044D25A00C3F657 /* 03_03_whileendlessbreak.c */ = {isa = PBXFileReference; fileEncoding = 4; lastKnownFileType = sourcecode.c.c; path = 03_03_whileendlessbreak.c; sourceTree = "<group>"; };
		046B7AE9203EC05B00050607 /* wacky_math.c */ = {isa = PBXFileReference; fileEncoding = 4; lastKnownFileType = sourcecode.c.c; path = wacky_math.c; sourceTree = "<group>"; };
		046B7AEA203EC05B00050607 /* wacky_math.h */ = {isa = PBXFileReference; fileEncoding = 4; lastKnownFileType = sourcecode.c.h; path = wacky_math.h; sourceTree = "<group>"; };
		046B7AEC203EC1AB00050607 /* wacky.c */ = {isa = PBXFileReference; fileEncoding = 4; lastKnownFileType = sourcecode.c.c; path = wacky.c; sourceTree = "<group>"; };
		04E671892044FCBE00546FC2 /* 03_04_for1.c */ = {isa = PBXFileReference; fileEncoding = 4; lastKnownFileType = sourcecode.c.c; path = 03_04_for1.c; sourceTree = "<group>"; };
		04E6718B2044FCF800546FC2 /* 03_06_solution.c */ = {isa = PBXFileReference; fileEncoding = 4; lastKnownFileType = sourcecode.c.c; path = 03_06_solution.c; sourceTree = "<group>"; };
		04E6718D2044FD4B00546FC2 /* 03_07_for2.c */ = {isa = PBXFileReference; fileEncoding = 4; lastKnownFileType = sourcecode.c.c; path = 03_07_for2.c; sourceTree = "<group>"; };
		04E6718F2044FD7200546FC2 /* 03_07_for3.c */ = {isa = PBXFileReference; fileEncoding = 4; lastKnownFileType = sourcecode.c.c; path = 03_07_for3.c; sourceTree = "<group>"; };
		04E67197204500FE00546FC2 /* 03_07_nestedfor1.c */ = {isa = PBXFileReference; fileEncoding = 4; lastKnownFileType = sourcecode.c.c; path = 03_07_nestedfor1.c; sourceTree = "<group>"; };
		04E6719A2045013900546FC2 /* 03_07_nestedfor2.c */ = {isa = PBXFileReference; fileEncoding = 4; lastKnownFileType = sourcecode.c.c; path = 03_07_nestedfor2.c; sourceTree = "<group>"; };
		04E6719C2045019300546FC2 /* 03_08_function2.c */ = {isa = PBXFileReference; fileEncoding = 4; lastKnownFileType = sourcecode.c.c; path = 03_08_function2.c; sourceTree = "<group>"; };
		04E6719E204501D800546FC2 /* 03_08_function3.c */ = {isa = PBXFileReference; fileEncoding = 4; lastKnownFileType = sourcecode.c.c; path = 03_08_function3.c; sourceTree = "<group>"; };
		04E671A02045031200546FC2 /* 03_09_argument1.c */ = {isa = PBXFileReference; fileEncoding = 4; lastKnownFileType = sourcecode.c.c; path = 03_09_argument1.c; sourceTree = "<group>"; };
		04E671A22045035D00546FC2 /* 03_09_argument2.c */ = {isa = PBXFileReference; fileEncoding = 4; lastKnownFileType = sourcecode.c.c; path = 03_09_argument2.c; sourceTree = "<group>"; };
		04E671A4204503A100546FC2 /* 03_09_argument3.c */ = {isa = PBXFileReference; fileEncoding = 4; lastKnownFileType = sourcecode.c.c; path = 03_09_argument3.c; sourceTree = "<group>"; };
		F65F49D7204136CA0080F55B /* 14_01_arraysort3.c */ = {isa = PBXFileReference; lastKnownFileType = sourcecode.c.c; path = 14_01_arraysort3.c; sourceTree = "<group>"; };
		F65F49D92041376C0080F55B /* 14_01_arraysort1.c */ = {isa = PBXFileReference; lastKnownFileType = sourcecode.c.c; path = 14_01_arraysort1.c; sourceTree = "<group>"; };
		F687EE3E20413E6C0021B168 /* 14_04_arrayfunct1.c */ = {isa = PBXFileReference; lastKnownFileType = sourcecode.c.c; path = 14_04_arrayfunct1.c; sourceTree = "<group>"; };
		F687EE4020413EC40021B168 /* 14_04_arrayfunct2.c */ = {isa = PBXFileReference; lastKnownFileType = sourcecode.c.c; path = 14_04_arrayfunct2.c; sourceTree = "<group>"; };
		F687EE42204140BF0021B168 /* 14_04_arrayfunct3.c */ = {isa = PBXFileReference; lastKnownFileType = sourcecode.c.c; path = 14_04_arrayfunct3.c; sourceTree = "<group>"; };
		F687EE44204141E60021B168 /* 14_06_solution1.c */ = {isa = PBXFileReference; lastKnownFileType = sourcecode.c.c; path = 14_06_solution1.c; sourceTree = "<group>"; };
		F687EE46204143750021B168 /* 14_06_solution2.c */ = {isa = PBXFileReference; lastKnownFileType = sourcecode.c.c; path = 14_06_solution2.c; sourceTree = "<group>"; };
		F687EE4820415F0D0021B168 /* 14_07_structfunct1.c */ = {isa = PBXFileReference; lastKnownFileType = sourcecode.c.c; path = 14_07_structfunct1.c; sourceTree = "<group>"; };
		F687EE4A2041605F0021B168 /* 14_07_structfunct2.c */ = {isa = PBXFileReference; lastKnownFileType = sourcecode.c.c; path = 14_07_structfunct2.c; sourceTree = "<group>"; };
		F687EE4C204161000021B168 /* 14_07_structfunct3.c */ = {isa = PBXFileReference; lastKnownFileType = sourcecode.c.c; path = 14_07_structfunct3.c; sourceTree = "<group>"; };
		F687EE52204277A80021B168 /* 14_09_solution1.c */ = {isa = PBXFileReference; lastKnownFileType = sourcecode.c.c; path = 14_09_solution1.c; sourceTree = "<group>"; };
		F687EE54204277E20021B168 /* 14_09_solution2.c */ = {isa = PBXFileReference; lastKnownFileType = sourcecode.c.c; path = 14_09_solution2.c; sourceTree = "<group>"; };
		F687EE56204278D10021B168 /* 14_10_structarray1.c */ = {isa = PBXFileReference; lastKnownFileType = sourcecode.c.c; path = 14_10_structarray1.c; sourceTree = "<group>"; };
		F687EE58204279080021B168 /* 14_10_structarray2.c */ = {isa = PBXFileReference; lastKnownFileType = sourcecode.c.c; path = 14_10_structarray2.c; sourceTree = "<group>"; };
		F687EE5A204279360021B168 /* 14_10_structarray3.c */ = {isa = PBXFileReference; lastKnownFileType = sourcecode.c.c; path = 14_10_structarray3.c; sourceTree = "<group>"; };
		F687EE5C20427A650021B168 /* 14_10_structarray4.c */ = {isa = PBXFileReference; lastKnownFileType = sourcecode.c.c; path = 14_10_structarray4.c; sourceTree = "<group>"; };
		F687EE5E20427BB60021B168 /* 14_12_solution.c */ = {isa = PBXFileReference; lastKnownFileType = sourcecode.c.c; path = 14_12_solution.c; sourceTree = "<group>"; };
		F687EE6020429FE50021B168 /* 15_01_ampersand1.c */ = {isa = PBXFileReference; lastKnownFileType = sourcecode.c.c; path = 15_01_ampersand1.c; sourceTree = "<group>"; };
		F687EE622042A0140021B168 /* 15_01_ampersand2.c */ = {isa = PBXFileReference; lastKnownFileType = sourcecode.c.c; path = 15_01_ampersand2.c; sourceTree = "<group>"; };
		F687EE642042A0560021B168 /* 15_01_ampersand3.c */ = {isa = PBXFileReference; lastKnownFileType = sourcecode.c.c; path = 15_01_ampersand3.c; sourceTree = "<group>"; };
		F687EE662042A07E0021B168 /* 15_02_pointer1.c */ = {isa = PBXFileReference; lastKnownFileType = sourcecode.c.c; path = 15_02_pointer1.c; sourceTree = "<group>"; };
		F687EE692042A0CD0021B168 /* 15_02_pointer2.c */ = {isa = PBXFileReference; lastKnownFileType = sourcecode.c.c; path = 15_02_pointer2.c; sourceTree = "<group>"; };
		F687EE6D2042A4450021B168 /* 15_04_solution.c */ = {isa = PBXFileReference; lastKnownFileType = sourcecode.c.c; path = 15_04_solution.c; sourceTree = "<group>"; };
		F687EE6F2042A5580021B168 /* 15_04_pointerarray1.c */ = {isa = PBXFileReference; lastKnownFileType = sourcecode.c.c; path = 15_04_pointerarray1.c; sourceTree = "<group>"; };
		F687EE712042D31F0021B168 /* 15_04_pointerarray2.c */ = {isa = PBXFileReference; lastKnownFileType = sourcecode.c.c; path = 15_04_pointerarray2.c; sourceTree = "<group>"; };
		F687EE732042D34E0021B168 /* 15_04_pointerarray3.c */ = {isa = PBXFileReference; lastKnownFileType = sourcecode.c.c; path = 15_04_pointerarray3.c; sourceTree = "<group>"; };
		F687EE752042D3680021B168 /* 15_04_pointerarray4.c */ = {isa = PBXFileReference; lastKnownFileType = sourcecode.c.c; path = 15_04_pointerarray4.c; sourceTree = "<group>"; };
		F687EE782042D5410021B168 /* 15_07_solution.c */ = {isa = PBXFileReference; lastKnownFileType = sourcecode.c.c; path = 15_07_solution.c; sourceTree = "<group>"; };
		F687EE7A2042D6140021B168 /* 15_08_order1.c */ = {isa = PBXFileReference; lastKnownFileType = sourcecode.c.c; path = 15_08_order1.c; sourceTree = "<group>"; };
		F687EE7C2042D69B0021B168 /* 15_08_order2.c */ = {isa = PBXFileReference; lastKnownFileType = sourcecode.c.c; path = 15_08_order2.c; sourceTree = "<group>"; };
		F687EE7E2042D6EE0021B168 /* 15_08_order3.c */ = {isa = PBXFileReference; lastKnownFileType = sourcecode.c.c; path = 15_08_order3.c; sourceTree = "<group>"; };
		F69CC0BB20413AE40088404C /* 14_03_solution1.c */ = {isa = PBXFileReference; lastKnownFileType = sourcecode.c.c; path = 14_03_solution1.c; sourceTree = "<group>"; };
		F69CC0BF20413CED0088404C /* 14_03_solution2.c */ = {isa = PBXFileReference; lastKnownFileType = sourcecode.c.c; path = 14_03_solution2.c; sourceTree = "<group>"; };
		F6ECB223203DD71600225CE8 /* C_ProgrammingLessons */ = {isa = PBXFileReference; explicitFileType = "compiled.mach-o.executable"; includeInIndex = 0; path = C_ProgrammingLessons; sourceTree = BUILT_PRODUCTS_DIR; };
		F6ECB226203DD71600225CE8 /* 01_01_assignments.c */ = {isa = PBXFileReference; lastKnownFileType = sourcecode.c.c; path = 01_01_assignments.c; sourceTree = "<group>"; };
		F6ECB22D203DD82100225CE8 /* 02_01_dummy.c */ = {isa = PBXFileReference; lastKnownFileType = sourcecode.c.c; path = 02_01_dummy.c; sourceTree = "<group>"; };
		F6ECB22F203DD86400225CE8 /* 02_02_empty.c */ = {isa = PBXFileReference; lastKnownFileType = sourcecode.c.c; path = 02_02_empty.c; sourceTree = "<group>"; };
		F6ECB231203DD8C900225CE8 /* 02_13_value1.c */ = {isa = PBXFileReference; lastKnownFileType = sourcecode.c.c; path = 02_13_value1.c; sourceTree = "<group>"; };
		F6ECB233203DD91400225CE8 /* 02_13_value2.c */ = {isa = PBXFileReference; lastKnownFileType = sourcecode.c.c; path = 02_13_value2.c; sourceTree = "<group>"; };
		F6ECB235203DD96A00225CE8 /* 02_13_variable4.c */ = {isa = PBXFileReference; lastKnownFileType = sourcecode.c.c; path = 02_13_variable4.c; sourceTree = "<group>"; };
		F6ECB237203DD9C800225CE8 /* 03_03_whilemod.c */ = {isa = PBXFileReference; lastKnownFileType = sourcecode.c.c; path = 03_03_whilemod.c; sourceTree = "<group>"; };
		F6ECB239203DDA0500225CE8 /* 03_08_function1.c */ = {isa = PBXFileReference; lastKnownFileType = sourcecode.c.c; path = 03_08_function1.c; sourceTree = "<group>"; };
		F6ECB23B203DDA4A00225CE8 /* 03_12_return1.c */ = {isa = PBXFileReference; lastKnownFileType = sourcecode.c.c; path = 03_12_return1.c; sourceTree = "<group>"; };
		F6ECB23D203DDA8B00225CE8 /* 04_09_time2.c */ = {isa = PBXFileReference; lastKnownFileType = sourcecode.c.c; path = 04_09_time2.c; sourceTree = "<group>"; };
		F6ECB23F203DDCAA00225CE8 /* 05_02_pointer1.c */ = {isa = PBXFileReference; lastKnownFileType = sourcecode.c.c; path = 05_02_pointer1.c; sourceTree = "<group>"; };
		F6ECB241203DDEBA00225CE8 /* 05_08_allocate2.c */ = {isa = PBXFileReference; lastKnownFileType = sourcecode.c.c; path = 05_08_allocate2.c; sourceTree = "<group>"; };
/* End PBXFileReference section */

/* Begin PBXFrameworksBuildPhase section */
		F6ECB220203DD71600225CE8 /* Frameworks */ = {
			isa = PBXFrameworksBuildPhase;
			buildActionMask = 2147483647;
			files = (
			);
			runOnlyForDeploymentPostprocessing = 0;
		};
/* End PBXFrameworksBuildPhase section */

/* Begin PBXGroup section */
		F6ECB21A203DD71600225CE8 = {
			isa = PBXGroup;
			children = (
				F6ECB225203DD71600225CE8 /* C_ProgrammingLessons */,
				F6ECB224203DD71600225CE8 /* Products */,
			);
			sourceTree = "<group>";
		};
		F6ECB224203DD71600225CE8 /* Products */ = {
			isa = PBXGroup;
			children = (
				F6ECB223203DD71600225CE8 /* C_ProgrammingLessons */,
			);
			name = Products;
			sourceTree = "<group>";
		};
		F6ECB225203DD71600225CE8 /* C_ProgrammingLessons */ = {
			isa = PBXGroup;
			children = (
				F6ECB226203DD71600225CE8 /* 01_01_assignments.c */,
				F6ECB22D203DD82100225CE8 /* 02_01_dummy.c */,
				F6ECB22F203DD86400225CE8 /* 02_02_empty.c */,
				043B32E42044CD1500C3F657 /* 02_06_printf.c */,
				043B32E62044CD4700C3F657 /* 02_06_z_blorf.c */,
				F6ECB231203DD8C900225CE8 /* 02_13_value1.c */,
				F6ECB233203DD91400225CE8 /* 02_13_value2.c */,
				043B32E82044CD6E00C3F657 /* 02_13_value3.c */,
				043B32EA2044CD9400C3F657 /* 02_13_value4.c */,
				043B32EC2044CDC200C3F657 /* 02_13_variable1.c */,
				043B32EE2044CE2900C3F657 /* 02_13_variable2.c */,
				043B32F02044CE6000C3F657 /* 02_13_variable3.c */,
				F6ECB235203DD96A00225CE8 /* 02_13_variable4.c */,
				043B32F92044CF6400C3F657 /* 02_14_chario1.c */,
				043B32FB2044CF7D00C3F657 /* 02_14_chario2.c */,
				043B32FD2044CFB700C3F657 /* 02_15_fgets1.c */,
				043B32FF2044CFF300C3F657 /* 02_15_scanf1.c */,
				043B33012044D00900C3F657 /* 02_15_scanf2.c */,
				043B33032044D03000C3F657 /* 02_15_string1.c */,
				043B33052044D06000C3F657 /* 03_01_if1.c */,
				043B33072044D08200C3F657 /* 03_01_if2.c */,
				043B33092044D0AE00C3F657 /* 03_01_if3.c */,
				043B330B2044D10100C3F657 /* 03_01_ifelseifelse.c */,
				043B330D2044D12E00C3F657 /* 03_02_switch1.c */,
				043B330F2044D14E00C3F657 /* 03_03_dowhile.c */,
				043B33112044D19500C3F657 /* 03_03_while1.c */,
				043B33132044D1F400C3F657 /* 03_03_while2.c */,
				043B33152044D23100C3F657 /* 03_03_whileendless.c */,
				043B33172044D25A00C3F657 /* 03_03_whileendlessbreak.c */,
				F6ECB237203DD9C800225CE8 /* 03_03_whilemod.c */,
				04E671892044FCBE00546FC2 /* 03_04_for1.c */,
				04E6718B2044FCF800546FC2 /* 03_06_solution.c */,
				04E6718D2044FD4B00546FC2 /* 03_07_for2.c */,
				04E6718F2044FD7200546FC2 /* 03_07_for3.c */,
				04E67197204500FE00546FC2 /* 03_07_nestedfor1.c */,
				04E6719A2045013900546FC2 /* 03_07_nestedfor2.c */,
				F6ECB239203DDA0500225CE8 /* 03_08_function1.c */,
				04E6719C2045019300546FC2 /* 03_08_function2.c */,
				04E6719E204501D800546FC2 /* 03_08_function3.c */,
				04E671A02045031200546FC2 /* 03_09_argument1.c */,
				04E671A22045035D00546FC2 /* 03_09_argument2.c */,
				04E671A4204503A100546FC2 /* 03_09_argument3.c */,
				F6ECB23B203DDA4A00225CE8 /* 03_12_return1.c */,
				F6ECB23D203DDA8B00225CE8 /* 04_09_time2.c */,
				F6ECB23F203DDCAA00225CE8 /* 05_02_pointer1.c */,
				043B32CD20445C7300C3F657 /* 05_02_pointer2.c */,
				043B32CF20445CCD00C3F657 /* 05_04_solution.c */,
				043B32D120445D7500C3F657 /* 05_05_arraypointer1.c */,
				043B32D320445DA200C3F657 /* 05_05_arraypointer2.c */,
				043B32D520445DCE00C3F657 /* 05_05_arraypointer3.c */,
				043B32D720445DFB00C3F657 /* 05_05_arraypointer4.c */,
				043B32D920445E3A00C3F657 /* 05_06_pfunction1.c */,
				043B32DB20445E5C00C3F657 /* 05_06_pfunction2.c */,
				043B32DD20445E8100C3F657 /* 05_06_pfunction3.c */,
				043B32E020445EF500C3F657 /* 05_06_pfunction4.c */,
				F6ECB241203DDEBA00225CE8 /* 05_08_allocate2.c */,
				F65F49D92041376C0080F55B /* 14_01_arraysort1.c */,
				F65F49D7204136CA0080F55B /* 14_01_arraysort3.c */,
				F69CC0BB20413AE40088404C /* 14_03_solution1.c */,
				F69CC0BF20413CED0088404C /* 14_03_solution2.c */,
				F687EE3E20413E6C0021B168 /* 14_04_arrayfunct1.c */,
				F687EE4020413EC40021B168 /* 14_04_arrayfunct2.c */,
				F687EE42204140BF0021B168 /* 14_04_arrayfunct3.c */,
				F687EE44204141E60021B168 /* 14_06_solution1.c */,
				F687EE46204143750021B168 /* 14_06_solution2.c */,
				F687EE4820415F0D0021B168 /* 14_07_structfunct1.c */,
				F687EE4A2041605F0021B168 /* 14_07_structfunct2.c */,
				F687EE4C204161000021B168 /* 14_07_structfunct3.c */,
				F687EE52204277A80021B168 /* 14_09_solution1.c */,
				F687EE54204277E20021B168 /* 14_09_solution2.c */,
				F687EE56204278D10021B168 /* 14_10_structarray1.c */,
				F687EE58204279080021B168 /* 14_10_structarray2.c */,
				F687EE5A204279360021B168 /* 14_10_structarray3.c */,
				F687EE5C20427A650021B168 /* 14_10_structarray4.c */,
				F687EE5E20427BB60021B168 /* 14_12_solution.c */,
				F687EE6020429FE50021B168 /* 15_01_ampersand1.c */,
				F687EE622042A0140021B168 /* 15_01_ampersand2.c */,
				F687EE642042A0560021B168 /* 15_01_ampersand3.c */,
				F687EE662042A07E0021B168 /* 15_02_pointer1.c */,
				F687EE692042A0CD0021B168 /* 15_02_pointer2.c */,
				F687EE6D2042A4450021B168 /* 15_04_solution.c */,
				F687EE6F2042A5580021B168 /* 15_04_pointerarray1.c */,
				F687EE712042D31F0021B168 /* 15_04_pointerarray2.c */,
				F687EE732042D34E0021B168 /* 15_04_pointerarray3.c */,
				F687EE752042D3680021B168 /* 15_04_pointerarray4.c */,
				F687EE782042D5410021B168 /* 15_07_solution.c */,
				F687EE7A2042D6140021B168 /* 15_08_order1.c */,
				F687EE7C2042D69B0021B168 /* 15_08_order2.c */,
				F687EE7E2042D6EE0021B168 /* 15_08_order3.c */,
				046B7AE9203EC05B00050607 /* wacky_math.c */,
				046B7AEC203EC1AB00050607 /* wacky.c */,
				046B7AEA203EC05B00050607 /* wacky_math.h */,
			);
			path = C_ProgrammingLessons;
			sourceTree = "<group>";
		};
/* End PBXGroup section */

/* Begin PBXNativeTarget section */
		F6ECB222203DD71600225CE8 /* C_ProgrammingLessons */ = {
			isa = PBXNativeTarget;
			buildConfigurationList = F6ECB22A203DD71600225CE8 /* Build configuration list for PBXNativeTarget "C_ProgrammingLessons" */;
			buildPhases = (
				F6ECB21F203DD71600225CE8 /* Sources */,
				F6ECB220203DD71600225CE8 /* Frameworks */,
				F6ECB221203DD71600225CE8 /* CopyFiles */,
			);
			buildRules = (
			);
			dependencies = (
			);
			name = C_ProgrammingLessons;
			productName = C_ProgrammingLessons;
			productReference = F6ECB223203DD71600225CE8 /* C_ProgrammingLessons */;
			productType = "com.apple.product-type.tool";
		};
/* End PBXNativeTarget section */

/* Begin PBXProject section */
		F6ECB21B203DD71600225CE8 /* Project object */ = {
			isa = PBXProject;
			attributes = {
				LastUpgradeCheck = 0920;
				ORGANIZATIONNAME = kuangchi;
				TargetAttributes = {
					F6ECB222203DD71600225CE8 = {
						CreatedOnToolsVersion = 9.2;
						ProvisioningStyle = Automatic;
					};
				};
			};
			buildConfigurationList = F6ECB21E203DD71600225CE8 /* Build configuration list for PBXProject "C_ProgrammingLessons" */;
			compatibilityVersion = "Xcode 8.0";
			developmentRegion = en;
			hasScannedForEncodings = 0;
			knownRegions = (
				en,
			);
			mainGroup = F6ECB21A203DD71600225CE8;
			productRefGroup = F6ECB224203DD71600225CE8 /* Products */;
			projectDirPath = "";
			projectRoot = "";
			targets = (
				F6ECB222203DD71600225CE8 /* C_ProgrammingLessons */,
			);
		};
/* End PBXProject section */

/* Begin PBXSourcesBuildPhase section */
		F6ECB21F203DD71600225CE8 /* Sources */ = {
			isa = PBXSourcesBuildPhase;
			buildActionMask = 2147483647;
			files = (
				04E671A5204503A100546FC2 /* 03_09_argument3.c in Sources */,
			);
			runOnlyForDeploymentPostprocessing = 0;
		};
/* End PBXSourcesBuildPhase section */

/* Begin XCBuildConfiguration section */
		F6ECB228203DD71600225CE8 /* Debug */ = {
			isa = XCBuildConfiguration;
			buildSettings = {
				ALWAYS_SEARCH_USER_PATHS = NO;
				CLANG_ANALYZER_NONNULL = YES;
				CLANG_ANALYZER_NUMBER_OBJECT_CONVERSION = YES_AGGRESSIVE;
				CLANG_CXX_LANGUAGE_STANDARD = "gnu++14";
				CLANG_CXX_LIBRARY = "libc++";
				CLANG_ENABLE_MODULES = YES;
				CLANG_ENABLE_OBJC_ARC = YES;
				CLANG_WARN_BLOCK_CAPTURE_AUTORELEASING = YES;
				CLANG_WARN_BOOL_CONVERSION = YES;
				CLANG_WARN_COMMA = YES;
				CLANG_WARN_CONSTANT_CONVERSION = YES;
				CLANG_WARN_DIRECT_OBJC_ISA_USAGE = YES_ERROR;
				CLANG_WARN_DOCUMENTATION_COMMENTS = YES;
				CLANG_WARN_EMPTY_BODY = YES;
				CLANG_WARN_ENUM_CONVERSION = YES;
				CLANG_WARN_INFINITE_RECURSION = YES;
				CLANG_WARN_INT_CONVERSION = YES;
				CLANG_WARN_NON_LITERAL_NULL_CONVERSION = YES;
				CLANG_WARN_OBJC_LITERAL_CONVERSION = YES;
				CLANG_WARN_OBJC_ROOT_CLASS = YES_ERROR;
				CLANG_WARN_RANGE_LOOP_ANALYSIS = YES;
				CLANG_WARN_STRICT_PROTOTYPES = YES;
				CLANG_WARN_SUSPICIOUS_MOVE = YES;
				CLANG_WARN_UNGUARDED_AVAILABILITY = YES_AGGRESSIVE;
				CLANG_WARN_UNREACHABLE_CODE = YES;
				CLANG_WARN__DUPLICATE_METHOD_MATCH = YES;
				CODE_SIGN_IDENTITY = "-";
				COPY_PHASE_STRIP = NO;
				DEBUG_INFORMATION_FORMAT = dwarf;
				ENABLE_STRICT_OBJC_MSGSEND = YES;
				ENABLE_TESTABILITY = YES;
				GCC_C_LANGUAGE_STANDARD = gnu11;
				GCC_DYNAMIC_NO_PIC = NO;
				GCC_NO_COMMON_BLOCKS = YES;
				GCC_OPTIMIZATION_LEVEL = 0;
				GCC_PREPROCESSOR_DEFINITIONS = (
					"DEBUG=1",
					"$(inherited)",
				);
				GCC_WARN_64_TO_32_BIT_CONVERSION = YES;
				GCC_WARN_ABOUT_RETURN_TYPE = YES_ERROR;
				GCC_WARN_UNDECLARED_SELECTOR = YES;
				GCC_WARN_UNINITIALIZED_AUTOS = YES_AGGRESSIVE;
				GCC_WARN_UNUSED_FUNCTION = YES;
				GCC_WARN_UNUSED_VARIABLE = YES;
				MACOSX_DEPLOYMENT_TARGET = 10.11;
				MTL_ENABLE_DEBUG_INFO = YES;
				ONLY_ACTIVE_ARCH = YES;
				SDKROOT = macosx;
			};
			name = Debug;
		};
		F6ECB229203DD71600225CE8 /* Release */ = {
			isa = XCBuildConfiguration;
			buildSettings = {
				ALWAYS_SEARCH_USER_PATHS = NO;
				CLANG_ANALYZER_NONNULL = YES;
				CLANG_ANALYZER_NUMBER_OBJECT_CONVERSION = YES_AGGRESSIVE;
				CLANG_CXX_LANGUAGE_STANDARD = "gnu++14";
				CLANG_CXX_LIBRARY = "libc++";
				CLANG_ENABLE_MODULES = YES;
				CLANG_ENABLE_OBJC_ARC = YES;
				CLANG_WARN_BLOCK_CAPTURE_AUTORELEASING = YES;
				CLANG_WARN_BOOL_CONVERSION = YES;
				CLANG_WARN_COMMA = YES;
				CLANG_WARN_CONSTANT_CONVERSION = YES;
				CLANG_WARN_DIRECT_OBJC_ISA_USAGE = YES_ERROR;
				CLANG_WARN_DOCUMENTATION_COMMENTS = YES;
				CLANG_WARN_EMPTY_BODY = YES;
				CLANG_WARN_ENUM_CONVERSION = YES;
				CLANG_WARN_INFINITE_RECURSION = YES;
				CLANG_WARN_INT_CONVERSION = YES;
				CLANG_WARN_NON_LITERAL_NULL_CONVERSION = YES;
				CLANG_WARN_OBJC_LITERAL_CONVERSION = YES;
				CLANG_WARN_OBJC_ROOT_CLASS = YES_ERROR;
				CLANG_WARN_RANGE_LOOP_ANALYSIS = YES;
				CLANG_WARN_STRICT_PROTOTYPES = YES;
				CLANG_WARN_SUSPICIOUS_MOVE = YES;
				CLANG_WARN_UNGUARDED_AVAILABILITY = YES_AGGRESSIVE;
				CLANG_WARN_UNREACHABLE_CODE = YES;
				CLANG_WARN__DUPLICATE_METHOD_MATCH = YES;
				CODE_SIGN_IDENTITY = "-";
				COPY_PHASE_STRIP = NO;
				DEBUG_INFORMATION_FORMAT = "dwarf-with-dsym";
				ENABLE_NS_ASSERTIONS = NO;
				ENABLE_STRICT_OBJC_MSGSEND = YES;
				GCC_C_LANGUAGE_STANDARD = gnu11;
				GCC_NO_COMMON_BLOCKS = YES;
				GCC_WARN_64_TO_32_BIT_CONVERSION = YES;
				GCC_WARN_ABOUT_RETURN_TYPE = YES_ERROR;
				GCC_WARN_UNDECLARED_SELECTOR = YES;
				GCC_WARN_UNINITIALIZED_AUTOS = YES_AGGRESSIVE;
				GCC_WARN_UNUSED_FUNCTION = YES;
				GCC_WARN_UNUSED_VARIABLE = YES;
				MACOSX_DEPLOYMENT_TARGET = 10.11;
				MTL_ENABLE_DEBUG_INFO = NO;
				SDKROOT = macosx;
			};
			name = Release;
		};
		F6ECB22B203DD71600225CE8 /* Debug */ = {
			isa = XCBuildConfiguration;
			buildSettings = {
				CODE_SIGN_STYLE = Automatic;
				MACOSX_DEPLOYMENT_TARGET = 10.11;
				PRODUCT_NAME = "$(TARGET_NAME)";
			};
			name = Debug;
		};
		F6ECB22C203DD71600225CE8 /* Release */ = {
			isa = XCBuildConfiguration;
			buildSettings = {
				CODE_SIGN_STYLE = Automatic;
				MACOSX_DEPLOYMENT_TARGET = 10.11;
				PRODUCT_NAME = "$(TARGET_NAME)";
			};
			name = Release;
		};
/* End XCBuildConfiguration section */

/* Begin XCConfigurationList section */
		F6ECB21E203DD71600225CE8 /* Build configuration list for PBXProject "C_ProgrammingLessons" */ = {
			isa = XCConfigurationList;
			buildConfigurations = (
				F6ECB228203DD71600225CE8 /* Debug */,
				F6ECB229203DD71600225CE8 /* Release */,
			);
			defaultConfigurationIsVisible = 0;
			defaultConfigurationName = Release;
		};
		F6ECB22A203DD71600225CE8 /* Build configuration list for PBXNativeTarget "C_ProgrammingLessons" */ = {
			isa = XCConfigurationList;
			buildConfigurations = (
				F6ECB22B203DD71600225CE8 /* Debug */,
				F6ECB22C203DD71600225CE8 /* Release */,
			);
			defaultConfigurationIsVisible = 0;
			defaultConfigurationName = Release;
		};
/* End XCConfigurationList section */
	};
	rootObject = F6ECB21B203DD71600225CE8 /* Project object */;
}
